<?xml version="1.0" encoding="utf-8"?>
<Project ToolsVersion="4.0" xmlns="http://schemas.microsoft.com/developer/msbuild/2003">
  <ItemGroup>
    <ClCompile Include="main.cpp" />
    <ClCompile Include="EiffelProgram.cpp">
      <Filter>Source Files\CompilerClasses</Filter>
    </ClCompile>
    <ClCompile Include="ConstantTable.cpp">
      <Filter>Source Files\CompilerClasses</Filter>
    </ClCompile>
    <ClCompile Include="Feature.cpp">
      <Filter>Source Files\CompilerClasses</Filter>
    </ClCompile>
    <ClCompile Include="Field.cpp">
      <Filter>Source Files\CompilerClasses</Filter>
    </ClCompile>
    <ClCompile Include="Method.cpp">
      <Filter>Source Files\CompilerClasses</Filter>
    </ClCompile>
    <ClCompile Include="LocalVariable.cpp">
      <Filter>Source Files\CompilerClasses</Filter>
    </ClCompile>
    <ClCompile Include="bisonFunctions.cpp">
      <Filter>Source Files\flex+bison</Filter>
    </ClCompile>
    <ClCompile Include="print2dot.cpp">
      <Filter>Source Files\flex+bison</Filter>
    </ClCompile>
    <ClCompile Include="bisontest.cpp">
      <Filter>Source Files\flex+bison</Filter>
    </ClCompile>
    <ClCompile Include="eiffel_bison.tab.cpp">
      <Filter>Source Files\flex+bison</Filter>
    </ClCompile>
    <ClCompile Include="eiffel_flex.cpp">
      <Filter>Source Files\flex+bison</Filter>
    </ClCompile>
    <ClCompile Include="GeneratedFiles\Release\moc_bisontest.cpp">
      <Filter>Source Files\flex+bison</Filter>
    </ClCompile>
    <ClCompile Include="GeneratedFiles\Debug\moc_bisontest.cpp">
      <Filter>Source Files\flex+bison</Filter>
    </ClCompile>
    <ClCompile Include="INTEGER.cpp">
      <Filter>Source Files\TypeClasses</Filter>
    </ClCompile>
    <ClCompile Include="REAL.cpp">
      <Filter>Source Files\TypeClasses</Filter>
    </ClCompile>
    <ClCompile Include="BOOLEAN.cpp">
      <Filter>Source Files\TypeClasses</Filter>
    </ClCompile>
    <ClCompile Include="CHARACTER.cpp">
      <Filter>Source Files\TypeClasses</Filter>
    </ClCompile>
    <ClCompile Include="VoidType.cpp">
      <Filter>Source Files\TypeClasses</Filter>
    </ClCompile>
    <ClCompile Include="RTLMetaClass.cpp">
      <Filter>Source Files\TypeClasses</Filter>
    </ClCompile>
    <ClCompile Include="EiffelType.cpp">
      <Filter>Source Files\TypeClasses</Filter>
    </ClCompile>
    <ClCompile Include="EiffelClass.cpp">
      <Filter>Source Files\TypeClasses</Filter>
    </ClCompile>
    <ClCompile Include="Statement.cpp">
      <Filter>Source Files\ExprClasses</Filter>
    </ClCompile>
    <ClCompile Include="EiffelSTRING.cpp">
      <Filter>Source Files\TypeClasses</Filter>
    </ClCompile>
    <ClCompile Include="Expression.cpp">
      <Filter>Source Files\ExprClasses</Filter>
    </ClCompile>
    <ClCompile Include="MetaClass.cpp">
      <Filter>Source Files\TypeClasses</Filter>
    </ClCompile>
    <ClCompile Include="EiffelArray.cpp">
      <Filter>Source Files\TypeClasses</Filter>
    </ClCompile>
    <ClCompile Include="EiffelANY.cpp">
      <Filter>Source Files\TypeClasses</Filter>
    </ClCompile>
    <ClCompile Include="EiffelNONE.cpp">
      <Filter>Source Files\TypeClasses</Filter>
    </ClCompile>
    <ClCompile Include="ByteCode.cpp">
      <Filter>Source Files\CompilerClasses</Filter>
    </ClCompile>
    <ClCompile Include="CallStmt.cpp">
      <Filter>Source Files\ExprClasses</Filter>
    </ClCompile>
    <ClCompile Include="ArrayElemRef.cpp">
      <Filter>Source Files\ExprClasses</Filter>
    </ClCompile>
    <ClCompile Include="FieldRef.cpp">
      <Filter>Source Files\ExprClasses</Filter>
    </ClCompile>
    <ClCompile Include="LocalVariableRef.cpp">
      <Filter>Source Files\ExprClasses</Filter>
    </ClCompile>
    <ClCompile Include="OperationExpr.cpp">
      <Filter>Source Files</Filter>
    </ClCompile>
    <ClCompile Include="LiteralExpr.cpp">
      <Filter>Source Files</Filter>
    </ClCompile>
    <ClCompile Include="ValueMethodCall.cpp">
      <Filter>Source Files</Filter>
    </ClCompile>
  </ItemGroup>
  <ItemGroup>
    <ClInclude Include="enums.h">
      <Filter>Header Files\CompilerClasses</Filter>
    </ClInclude>
    <ClInclude Include="JvmConstant.h">
      <Filter>Header Files\CompilerClasses</Filter>
    </ClInclude>
    <ClInclude Include="EiffelProgram.h">
      <Filter>Header Files\CompilerClasses</Filter>
    </ClInclude>
    <ClInclude Include="Feature.h">
      <Filter>Header Files\CompilerClasses</Filter>
    </ClInclude>
    <ClInclude Include="Field.h">
      <Filter>Header Files\CompilerClasses</Filter>
    </ClInclude>
    <ClInclude Include="LocalVariable.h">
      <Filter>Header Files\CompilerClasses</Filter>
    </ClInclude>
    <ClInclude Include="Method.h">
      <Filter>Header Files\CompilerClasses</Filter>
    </ClInclude>
    <ClInclude Include="print2dot.h">
      <Filter>Header Files\flex+bison</Filter>
    </ClInclude>
    <ClInclude Include="bisonFunctions.h">
      <Filter>Header Files\flex+bison</Filter>
    </ClInclude>
    <ClInclude Include="eiffel_bison.tab.h">
      <Filter>Header Files\flex+bison</Filter>
    </ClInclude>
    <ClInclude Include="lexHelpers.h">
      <Filter>Header Files\flex+bison</Filter>
    </ClInclude>
    <ClInclude Include="tree_structs.h">
      <Filter>Header Files\flex+bison</Filter>
    </ClInclude>
    <ClInclude Include="INTEGER.h">
      <Filter>Header Files\TypeClasses</Filter>
    </ClInclude>
    <ClInclude Include="REAL.h">
      <Filter>Header Files\TypeClasses</Filter>
    </ClInclude>
    <ClInclude Include="BOOLEAN.h">
      <Filter>Header Files\TypeClasses</Filter>
    </ClInclude>
    <ClInclude Include="CHARACTER.h">
      <Filter>Header Files\TypeClasses</Filter>
    </ClInclude>
    <ClInclude Include="EiffelType.h">
      <Filter>Header Files\TypeClasses</Filter>
    </ClInclude>
    <ClInclude Include="MetaClass.h">
      <Filter>Header Files\TypeClasses</Filter>
    </ClInclude>
    <ClInclude Include="RTLMetaClass.h">
      <Filter>Header Files\TypeClasses</Filter>
    </ClInclude>
    <ClInclude Include="VoidType.h">
      <Filter>Header Files\TypeClasses</Filter>
    </ClInclude>
    <ClInclude Include="EiffelClass.h">
      <Filter>Header Files\TypeClasses</Filter>
    </ClInclude>
    <ClInclude Include="TreeNode.h">
      <Filter>Header Files\ExprClasses</Filter>
    </ClInclude>
    <ClInclude Include="Statement.h">
      <Filter>Header Files\ExprClasses</Filter>
    </ClInclude>
    <ClInclude Include="EiffelSTRING.h">
      <Filter>Header Files\TypeClasses</Filter>
    </ClInclude>
    <ClInclude Include="EiffelArray.h">
      <Filter>Header Files\TypeClasses</Filter>
    </ClInclude>
    <ClInclude Include="EiffelNONE.h">
      <Filter>Header Files\TypeClasses</Filter>
    </ClInclude>
    <ClInclude Include="EiffelANY.h">
      <Filter>Header Files\TypeClasses</Filter>
    </ClInclude>
    <ClInclude Include="ByteCode.h">
      <Filter>Header Files\CompilerClasses</Filter>
    </ClInclude>
    <ClInclude Include="Expression.h">
      <Filter>Header Files\ExprClasses</Filter>
    </ClInclude>
    <ClInclude Include="CallStmt.h">
      <Filter>Header Files\ExprClasses</Filter>
    </ClInclude>
    <ClInclude Include="ArrayElemRef.h">
      <Filter>Header Files\ExprClasses</Filter>
    </ClInclude>
    <ClInclude Include="FieldRef.h">
      <Filter>Header Files\ExprClasses</Filter>
    </ClInclude>
    <ClInclude Include="LocalVariableRef.h">
      <Filter>Header Files\ExprClasses</Filter>
    </ClInclude>
    <ClInclude Include="OperationExpr.h">
      <Filter>Header Files</Filter>
    </ClInclude>
    <ClInclude Include="LiteralExpr.h">
      <Filter>Header Files</Filter>
    </ClInclude>
    <ClInclude Include="ValueMethodCall.h">
      <Filter>Header Files</Filter>
    </ClInclude>
  </ItemGroup>
  <ItemGroup>
    <Bison Include="eiffel_bison.y" />
  </ItemGroup>
  <ItemGroup>
    <Flex Include="eiffel_flex.l" />
  </ItemGroup>
  <ItemGroup>
    <Filter Include="Source Files">
      <UniqueIdentifier>{4FC737F1-C7A5-4376-A066-2A32D752A2FF}</UniqueIdentifier>
      <Extensions>cpp;cxx;c;def</Extensions>
      <ParseFiles>true</ParseFiles>
    </Filter>
    <Filter Include="Header Files">
      <UniqueIdentifier>{93995380-89BD-4b04-88EB-625FBE52EBFB}</UniqueIdentifier>
      <Extensions>h</Extensions>
      <ParseFiles>true</ParseFiles>
    </Filter>
    <Filter Include="Source Files\flex+bison">
      <UniqueIdentifier>{85c54d4a-94e3-4ab6-b090-03c717bc4875}</UniqueIdentifier>
    </Filter>
    <Filter Include="Header Files\flex+bison">
      <UniqueIdentifier>{92dc9683-533a-4715-8b7f-436d54e0c842}</UniqueIdentifier>
    </Filter>
    <Filter Include="Header Files\TypeClasses">
      <UniqueIdentifier>{e59ae465-5a43-4364-b5a8-608599ee47ec}</UniqueIdentifier>
    </Filter>
    <Filter Include="Source Files\TypeClasses">
      <UniqueIdentifier>{dd5cce63-83db-408c-9fdd-eee5aadc4bd5}</UniqueIdentifier>
    </Filter>
    <Filter Include="Header Files\CompilerClasses">
      <UniqueIdentifier>{e62943a8-789d-478b-8cfd-0b5a134795cf}</UniqueIdentifier>
    </Filter>
    <Filter Include="Source Files\CompilerClasses">
      <UniqueIdentifier>{14d33202-0489-4f98-8269-c85328d2f4ac}</UniqueIdentifier>
    </Filter>
    <Filter Include="Header Files\ExprClasses">
      <UniqueIdentifier>{0b9dc6a7-62ec-4aa0-bbac-d1751cae4139}</UniqueIdentifier>
    </Filter>
    <Filter Include="Source Files\ExprClasses">
      <UniqueIdentifier>{39ebc258-eea0-491b-967c-144371fbc069}</UniqueIdentifier>
    </Filter>
  </ItemGroup>
  <ItemGroup>
    <CustomBuild Include="bisontest.h">
      <Filter>Header Files\flex+bison</Filter>
    </CustomBuild>
  </ItemGroup>
</Project>